
Microsoft Visual Studio Solution File, Format Version 12.00
# Visual Studio Version 16
VisualStudioVersion = 25.0.1706.11
MinimumVisualStudioVersion = 10.0.40219.1
Project("{FAE04EC0-301F-11D3-BF4B-00C04F79EFBC}") = "Expense Tracker", "Expense Tracker\Expense Tracker.csproj", "{EFCBB6BD-E8B9-4A04-98F4-0AFF8FDD5579}"
EndProject
Global
	GlobalSection(SolutionConfigurationPlatforms) = preSolution
		Debug|Any CPU = Debug|Any CPU
		Release|Any CPU = Release|Any CPU
	EndGlobalSection
	GlobalSection(ProjectConfigurationPlatforms) = postSolution
		{EFCBB6BD-E8B9-4A04-98F4-0AFF8FDD5579}.Debug|Any CPU.ActiveCfg = Debug|Any CPU
		{EFCBB6BD-E8B9-4A04-98F4-0AFF8FDD5579}.Debug|Any CPU.Build.0 = Debug|Any CPU
		{EFCBB6BD-E8B9-4A04-98F4-0AFF8FDD5579}.Release|Any CPU.ActiveCfg = Release|Any CPU
		{EFCBB6BD-E8B9-4A04-98F4-0AFF8FDD5579}.Release|Any CPU.Build.0 = Release|Any CPU
	EndGlobalSection
	GlobalSection(SolutionProperties) = preSolution
		HideSolutionNode = FALSE
	EndGlobalSection
	GlobalSection(ExtensibilityGlobals) = postSolution
		SolutionGuid = {36B1F2E5-670F-4531-894D-0B87C440AF30}
	EndGlobalSection
EndGlobal
